// !$*UTF8*$!
{
	archiveVersion = 1;
	classes = {
	};
	objectVersion = 46;
	objects = {

/* Begin PBXBuildFile section */
		A9B969691C75CFF8009A733D /* main.m in Sources */ = {isa = PBXBuildFile; fileRef = A9B969681C75CFF8009A733D /* main.m */; };
		A9B969771C75D1C8009A733D /* iTunesLibrary.framework in Frameworks */ = {isa = PBXBuildFile; fileRef = A9B969761C75D1C8009A733D /* iTunesLibrary.framework */; };
/* End PBXBuildFile section */

/* Begin PBXCopyFilesBuildPhase section */
		A9B969631C75CFF8009A733D /* CopyFiles */ = {
			isa = PBXCopyFilesBuildPhase;
			buildActionMask = 2147483647;
			dstPath = /usr/share/man/man1/;
			dstSubfolderSpec = 0;
			files = (
			);
			runOnlyForDeploymentPostprocessing = 1;
		};
/* End PBXCopyFilesBuildPhase section */

/* Begin PBXFileReference section */
		A9B969651C75CFF8009A733D /* iTunesGetImages */ = {isa = PBXFileReference; explicitFileType = "compiled.mach-o.executable"; includeInIndex = 0; path = iTunesGetImages; sourceTree = BUILT_PRODUCTS_DIR; };
		A9B969681C75CFF8009A733D /* main.m */ = {isa = PBXFileReference; lastKnownFileType = sourcecode.c.objc; path = main.m; sourceTree = "<group>"; };
		A9B9696F1C75D0BA009A733D /* iTunesLibrary */ = {isa = PBXFileReference; lastKnownFileType = "compiled.mach-o.dylib"; name = iTunesLibrary; path = ../../../../../Library/Frameworks/iTunesLibrary.framework/Versions/A/iTunesLibrary; sourceTree = "<group>"; };
		A9B969761C75D1C8009A733D /* iTunesLibrary.framework */ = {isa = PBXFileReference; lastKnownFileType = wrapper.framework; name = iTunesLibrary.framework; path = ../../../../../Library/Frameworks/iTunesLibrary.framework; sourceTree = "<group>"; };
/* End PBXFileReference section */

/* Begin PBXFrameworksBuildPhase section */
		A9B969621C75CFF8009A733D /* Frameworks */ = {
			isa = PBXFrameworksBuildPhase;
			buildActionMask = 2147483647;
			files = (
				A9B969771C75D1C8009A733D /* iTunesLibrary.framework in Frameworks */,
			);
			runOnlyForDeploymentPostprocessing = 0;
		};
/* End PBXFrameworksBuildPhase section */

/* Begin PBXGroup section */
		A9B9695C1C75CFF8009A733D = {
			isa = PBXGroup;
			children = (
				A9B969761C75D1C8009A733D /* iTunesLibrary.framework */,
				A9B9696F1C75D0BA009A733D /* iTunesLibrary */,
				A9B969671C75CFF8009A733D /* iTunesGetImages */,
				A9B969661C75CFF8009A733D /* Products */,
			);
			sourceTree = "<group>";
		};
		A9B969661C75CFF8009A733D /* Products */ = {
			isa = PBXGroup;
			children = (
				A9B969651C75CFF8009A733D /* iTunesGetImages */,
			);
			name = Products;
			sourceTree = "<group>";
		};
		A9B969671C75CFF8009A733D /* iTunesGetImages */ = {
			isa = PBXGroup;
			children = (
				A9B969681C75CFF8009A733D /* main.m */,
			);
			path = iTunesGetImages;
			sourceTree = "<group>";
		};
/* End PBXGroup section */

/* Begin PBXNativeTarget section */
		A9B969641C75CFF8009A733D /* iTunesGetImages */ = {
			isa = PBXNativeTarget;
			buildConfigurationList = A9B9696C1C75CFF8009A733D /* Build configuration list for PBXNativeTarget "iTunesGetImages" */;
			buildPhases = (
				A9B969611C75CFF8009A733D /* Sources */,
				A9B969621C75CFF8009A733D /* Frameworks */,
				A9B969631C75CFF8009A733D /* CopyFiles */,
			);
			buildRules = (
			);
			dependencies = (
			);
			name = iTunesGetImages;
			productName = iTunesGetImages;
			productReference = A9B969651C75CFF8009A733D /* iTunesGetImages */;
			productType = "com.apple.product-type.tool";
		};
/* End PBXNativeTarget section */

/* Begin PBXProject section */
		A9B9695D1C75CFF8009A733D /* Project object */ = {
			isa = PBXProject;
			attributes = {
				LastUpgradeCheck = 0720;
				ORGANIZATIONNAME = "Eckhard Nees";
				TargetAttributes = {
					A9B969641C75CFF8009A733D = {
						CreatedOnToolsVersion = 7.2.1;
					};
				};
			};
			buildConfigurationList = A9B969601C75CFF8009A733D /* Build configuration list for PBXProject "iTunesGetImages" */;
			compatibilityVersion = "Xcode 3.2";
			developmentRegion = English;
			hasScannedForEncodings = 0;
			knownRegions = (
				en,
			);
			mainGroup = A9B9695C1C75CFF8009A733D;
			productRefGroup = A9B969661C75CFF8009A733D /* Products */;
			projectDirPath = "";
			projectRoot = "";
			targets = (
				A9B969641C75CFF8009A733D /* iTunesGetImages */,
			);
		};
/* End PBXProject section */

/* Begin PBXSourcesBuildPhase section */
		A9B969611C75CFF8009A733D /* Sources */ = {
			isa = PBXSourcesBuildPhase;
			buildActionMask = 2147483647;
			files = (
				A9B969691C75CFF8009A733D /* main.m in Sources */,
			);
			runOnlyForDeploymentPostprocessing = 0;
		};
/* End PBXSourcesBuildPhase section */

/* Begin XCBuildConfiguration section */
		A9B9696A1C75CFF8009A733D /* Debug */ = {
			isa = XCBuildConfiguration;
			buildSettings = {
				ALWAYS_SEARCH_USER_PATHS = NO;
				CLANG_CXX_LANGUAGE_STANDARD = "gnu++0x";
				CLANG_CXX_LIBRARY = "libc++";
				CLANG_ENABLE_MODULES = YES;
				CLANG_ENABLE_OBJC_ARC = YES;
				CLANG_WARN_BOOL_CONVERSION = YES;
				CLANG_WARN_CONSTANT_CONVERSION = YES;
				CLANG_WARN_DIRECT_OBJC_ISA_USAGE = YES_ERROR;
				CLANG_WARN_EMPTY_BODY = YES;
				CLANG_WARN_ENUM_CONVERSION = YES;
				CLANG_WARN_INT_CONVERSION = YES;
				CLANG_WARN_OBJC_ROOT_CLASS = YES_ERROR;
				CLANG_WARN_UNREACHABLE_CODE = YES;
				CLANG_WARN__DUPLICATE_METHOD_MATCH = YES;
				CODE_SIGN_IDENTITY = "-";
				COPY_PHASE_STRIP = NO;
				DEBUG_INFORMATION_FORMAT = dwarf;
				ENABLE_STRICT_OBJC_MSGSEND = YES;
				ENABLE_TESTABILITY = YES;
				GCC_C_LANGUAGE_STANDARD = gnu99;
				GCC_DYNAMIC_NO_PIC = NO;
				GCC_NO_COMMON_BLOCKS = YES;
				GCC_OPTIMIZATION_LEVEL = 0;
				GCC_PREPROCESSOR_DEFINITIONS = (
					"DEBUG=1",
					"$(inherited)",
				);
				GCC_WARN_64_TO_32_BIT_CONVERSION = YES;
				GCC_WARN_ABOUT_RETURN_TYPE = YES_ERROR;
				GCC_WARN_UNDECLARED_SELECTOR = YES;
				GCC_WARN_UNINITIALIZED_AUTOS = YES_AGGRESSIVE;
				GCC_WARN_UNUSED_FUNCTION = YES;
				GCC_WARN_UNUSED_VARIABLE = YES;
				MACOSX_DEPLOYMENT_TARGET = 10.11;
				MTL_ENABLE_DEBUG_INFO = YES;
				ONLY_ACTIVE_ARCH = YES;
				SDKROOT = macosx;
			};
			name = Debug;
		};
		A9B9696B1C75CFF8009A733D /* Release */ = {
			isa = XCBuildConfiguration;
			buildSettings = {
				ALWAYS_SEARCH_USER_PATHS = NO;
				CLANG_CXX_LANGUAGE_STANDARD = "gnu++0x";
				CLANG_CXX_LIBRARY = "libc++";
				CLANG_ENABLE_MODULES = YES;
				CLANG_ENABLE_OBJC_ARC = YES;
				CLANG_WARN_BOOL_CONVERSION = YES;
				CLANG_WARN_CONSTANT_CONVERSION = YES;
				CLANG_WARN_DIRECT_OBJC_ISA_USAGE = YES_ERROR;
				CLANG_WARN_EMPTY_BODY = YES;
				CLANG_WARN_ENUM_CONVERSION = YES;
				CLANG_WARN_INT_CONVERSION = YES;
				CLANG_WARN_OBJC_ROOT_CLASS = YES_ERROR;
				CLANG_WARN_UNREACHABLE_CODE = YES;
				CLANG_WARN__DUPLICATE_METHOD_MATCH = YES;
				CODE_SIGN_IDENTITY = "-";
				COPY_PHASE_STRIP = NO;
				DEBUG_INFORMATION_FORMAT = "dwarf-with-dsym";
				ENABLE_NS_ASSERTIONS = NO;
				ENABLE_STRICT_OBJC_MSGSEND = YES;
				GCC_C_LANGUAGE_STANDARD = gnu99;
				GCC_NO_COMMON_BLOCKS = YES;
				GCC_WARN_64_TO_32_BIT_CONVERSION = YES;
				GCC_WARN_ABOUT_RETURN_TYPE = YES_ERROR;
				GCC_WARN_UNDECLARED_SELECTOR = YES;
				GCC_WARN_UNINITIALIZED_AUTOS = YES_AGGRESSIVE;
				GCC_WARN_UNUSED_FUNCTION = YES;
				GCC_WARN_UNUSED_VARIABLE = YES;
				MACOSX_DEPLOYMENT_TARGET = 10.11;
				MTL_ENABLE_DEBUG_INFO = NO;
				SDKROOT = macosx;
			};
			name = Release;
		};
		A9B9696D1C75CFF8009A733D /* Debug */ = {
			isa = XCBuildConfiguration;
			buildSettings = {
				FRAMEWORK_SEARCH_PATHS = (
					/Library/Frameworks/iTunesLibrary.framework,
					"$(LOCAL_LIBRARY_DIR)/Frameworks",
				);
				HEADER_SEARCH_PATHS = /Library/Frameworks/iTunesLibrary.framework/Headers;
				LIBRARY_SEARCH_PATHS = (
					"$(inherited)",
					"$(LOCAL_LIBRARY_DIR)/Frameworks/iTunesLibrary.framework/Versions/A",
				);
				PRODUCT_NAME = "$(TARGET_NAME)";
			};
			name = Debug;
		};
		A9B9696E1C75CFF8009A733D /* Release */ = {
			isa = XCBuildConfiguration;
			buildSettings = {
				FRAMEWORK_SEARCH_PATHS = (
					/Library/Frameworks/iTunesLibrary.framework,
					"$(LOCAL_LIBRARY_DIR)/Frameworks",
				);
				HEADER_SEARCH_PATHS = /Library/Frameworks/iTunesLibrary.framework/Headers;
				LIBRARY_SEARCH_PATHS = (
					"$(inherited)",
					"$(LOCAL_LIBRARY_DIR)/Frameworks/iTunesLibrary.framework/Versions/A",
				);
				PRODUCT_NAME = "$(TARGET_NAME)";
			};
			name = Release;
		};
/* End XCBuildConfiguration section */

/* Begin XCConfigurationList section */
		A9B969601C75CFF8009A733D /* Build configuration list for PBXProject "iTunesGetImages" */ = {
			isa = XCConfigurationList;
			buildConfigurations = (
				A9B9696A1C75CFF8009A733D /* Debug */,
				A9B9696B1C75CFF8009A733D /* Release */,
			);
			defaultConfigurationIsVisible = 0;
			defaultConfigurationName = Release;
		};
		A9B9696C1C75CFF8009A733D /* Build configuration list for PBXNativeTarget "iTunesGetImages" */ = {
			isa = XCConfigurationList;
			buildConfigurations = (
				A9B9696D1C75CFF8009A733D /* Debug */,
				A9B9696E1C75CFF8009A733D /* Release */,
			);
			defaultConfigurationIsVisible = 0;
		};
/* End XCConfigurationList section */
	};
	rootObject = A9B9695D1C75CFF8009A733D /* Project object */;
}
